
Microsoft Visual Studio Solution File, Format Version 12.00
# Visual Studio Version 16
VisualStudioVersion = 16.0.31005.135
MinimumVisualStudioVersion = 10.0.40219.1
Project("{FAE04EC0-301F-11D3-BF4B-00C04F79EFBC}") = "XamarinChatAppWithFireBase.Android", "XamarinChatAppWithFireBase\XamarinChatAppWithFireBase.Android\XamarinChatAppWithFireBase.Android.csproj", "{E639B9C3-5EAE-4AEF-9928-1E251626A280}"
EndProject
Project("{FAE04EC0-301F-11D3-BF4B-00C04F79EFBC}") = "XamarinChatAppWithFireBase", "XamarinChatAppWithFireBase\XamarinChatAppWithFireBase\XamarinChatAppWithFireBase.csproj", "{B4FEA801-9938-4255-91F9-147F3007676B}"
EndProject
Global
	GlobalSection(SolutionConfigurationPlatforms) = preSolution
		Debug|Any CPU = Debug|Any CPU
		Release|Any CPU = Release|Any CPU
	EndGlobalSection
	GlobalSection(ProjectConfigurationPlatforms) = postSolution
		{E639B9C3-5EAE-4AEF-9928-1E251626A280}.Debug|Any CPU.ActiveCfg = Debug|Any CPU
		{E639B9C3-5EAE-4AEF-9928-1E251626A280}.Debug|Any CPU.Build.0 = Debug|Any CPU
		{E639B9C3-5EAE-4AEF-9928-1E251626A280}.Debug|Any CPU.Deploy.0 = Debug|Any CPU
		{E639B9C3-5EAE-4AEF-9928-1E251626A280}.Release|Any CPU.ActiveCfg = Release|Any CPU
		{E639B9C3-5EAE-4AEF-9928-1E251626A280}.Release|Any CPU.Build.0 = Release|Any CPU
		{E639B9C3-5EAE-4AEF-9928-1E251626A280}.Release|Any CPU.Deploy.0 = Release|Any CPU
		{B4FEA801-9938-4255-91F9-147F3007676B}.Debug|Any CPU.ActiveCfg = Debug|Any CPU
		{B4FEA801-9938-4255-91F9-147F3007676B}.Debug|Any CPU.Build.0 = Debug|Any CPU
		{B4FEA801-9938-4255-91F9-147F3007676B}.Debug|Any CPU.Deploy.0 = Debug|Any CPU
		{B4FEA801-9938-4255-91F9-147F3007676B}.Release|Any CPU.ActiveCfg = Release|Any CPU
		{B4FEA801-9938-4255-91F9-147F3007676B}.Release|Any CPU.Build.0 = Release|Any CPU
		{B4FEA801-9938-4255-91F9-147F3007676B}.Release|Any CPU.Deploy.0 = Release|Any CPU
	EndGlobalSection
	GlobalSection(SolutionProperties) = preSolution
		HideSolutionNode = FALSE
	EndGlobalSection
	GlobalSection(ExtensibilityGlobals) = postSolution
		SolutionGuid = {9EFB7851-F838-44C3-9FF8-3EF371C5C49F}
	EndGlobalSection
EndGlobal
