
Microsoft Visual Studio Solution File, Format Version 12.00
# Visual Studio Version 16
VisualStudioVersion = 16.0.31005.135
MinimumVisualStudioVersion = 10.0.40219.1
Project("{FAE04EC0-301F-11D3-BF4B-00C04F79EFBC}") = "WebService05.Android", "WebService05\WebService05.Android\WebService05.Android.csproj", "{60CBF9D0-A2F8-4CF3-8FA2-5B5CE1F59B2C}"
EndProject
Project("{FAE04EC0-301F-11D3-BF4B-00C04F79EFBC}") = "WebService05.iOS", "WebService05\WebService05.iOS\WebService05.iOS.csproj", "{4E48E6C7-AACD-4249-85ED-53F1F3D8E392}"
EndProject
Project("{FAE04EC0-301F-11D3-BF4B-00C04F79EFBC}") = "WebService05", "WebService05\WebService05\WebService05.csproj", "{02F08758-D6CF-4BEA-9DC2-5A2151FBB896}"
EndProject
Global
	GlobalSection(SolutionConfigurationPlatforms) = preSolution
		Debug|Any CPU = Debug|Any CPU
		Debug|iPhone = Debug|iPhone
		Debug|iPhoneSimulator = Debug|iPhoneSimulator
		Release|Any CPU = Release|Any CPU
		Release|iPhone = Release|iPhone
		Release|iPhoneSimulator = Release|iPhoneSimulator
	EndGlobalSection
	GlobalSection(ProjectConfigurationPlatforms) = postSolution
		{60CBF9D0-A2F8-4CF3-8FA2-5B5CE1F59B2C}.Debug|Any CPU.ActiveCfg = Debug|Any CPU
		{60CBF9D0-A2F8-4CF3-8FA2-5B5CE1F59B2C}.Debug|Any CPU.Build.0 = Debug|Any CPU
		{60CBF9D0-A2F8-4CF3-8FA2-5B5CE1F59B2C}.Debug|Any CPU.Deploy.0 = Debug|Any CPU
		{60CBF9D0-A2F8-4CF3-8FA2-5B5CE1F59B2C}.Debug|iPhone.ActiveCfg = Debug|Any CPU
		{60CBF9D0-A2F8-4CF3-8FA2-5B5CE1F59B2C}.Debug|iPhone.Build.0 = Debug|Any CPU
		{60CBF9D0-A2F8-4CF3-8FA2-5B5CE1F59B2C}.Debug|iPhone.Deploy.0 = Debug|Any CPU
		{60CBF9D0-A2F8-4CF3-8FA2-5B5CE1F59B2C}.Debug|iPhoneSimulator.ActiveCfg = Debug|Any CPU
		{60CBF9D0-A2F8-4CF3-8FA2-5B5CE1F59B2C}.Debug|iPhoneSimulator.Build.0 = Debug|Any CPU
		{60CBF9D0-A2F8-4CF3-8FA2-5B5CE1F59B2C}.Debug|iPhoneSimulator.Deploy.0 = Debug|Any CPU
		{60CBF9D0-A2F8-4CF3-8FA2-5B5CE1F59B2C}.Release|Any CPU.ActiveCfg = Release|Any CPU
		{60CBF9D0-A2F8-4CF3-8FA2-5B5CE1F59B2C}.Release|Any CPU.Build.0 = Release|Any CPU
		{60CBF9D0-A2F8-4CF3-8FA2-5B5CE1F59B2C}.Release|Any CPU.Deploy.0 = Release|Any CPU
		{60CBF9D0-A2F8-4CF3-8FA2-5B5CE1F59B2C}.Release|iPhone.ActiveCfg = Release|Any CPU
		{60CBF9D0-A2F8-4CF3-8FA2-5B5CE1F59B2C}.Release|iPhone.Build.0 = Release|Any CPU
		{60CBF9D0-A2F8-4CF3-8FA2-5B5CE1F59B2C}.Release|iPhone.Deploy.0 = Release|Any CPU
		{60CBF9D0-A2F8-4CF3-8FA2-5B5CE1F59B2C}.Release|iPhoneSimulator.ActiveCfg = Release|Any CPU
		{60CBF9D0-A2F8-4CF3-8FA2-5B5CE1F59B2C}.Release|iPhoneSimulator.Build.0 = Release|Any CPU
		{60CBF9D0-A2F8-4CF3-8FA2-5B5CE1F59B2C}.Release|iPhoneSimulator.Deploy.0 = Release|Any CPU
		{4E48E6C7-AACD-4249-85ED-53F1F3D8E392}.Debug|Any CPU.ActiveCfg = Debug|iPhone
		{4E48E6C7-AACD-4249-85ED-53F1F3D8E392}.Debug|Any CPU.Build.0 = Debug|iPhone
		{4E48E6C7-AACD-4249-85ED-53F1F3D8E392}.Debug|Any CPU.Deploy.0 = Debug|iPhone
		{4E48E6C7-AACD-4249-85ED-53F1F3D8E392}.Debug|iPhone.ActiveCfg = Debug|iPhone
		{4E48E6C7-AACD-4249-85ED-53F1F3D8E392}.Debug|iPhone.Build.0 = Debug|iPhone
		{4E48E6C7-AACD-4249-85ED-53F1F3D8E392}.Debug|iPhone.Deploy.0 = Debug|iPhone
		{4E48E6C7-AACD-4249-85ED-53F1F3D8E392}.Debug|iPhoneSimulator.ActiveCfg = Debug|iPhoneSimulator
		{4E48E6C7-AACD-4249-85ED-53F1F3D8E392}.Debug|iPhoneSimulator.Build.0 = Debug|iPhoneSimulator
		{4E48E6C7-AACD-4249-85ED-53F1F3D8E392}.Debug|iPhoneSimulator.Deploy.0 = Debug|iPhoneSimulator
		{4E48E6C7-AACD-4249-85ED-53F1F3D8E392}.Release|Any CPU.ActiveCfg = Release|iPhoneSimulator
		{4E48E6C7-AACD-4249-85ED-53F1F3D8E392}.Release|Any CPU.Build.0 = Release|iPhoneSimulator
		{4E48E6C7-AACD-4249-85ED-53F1F3D8E392}.Release|Any CPU.Deploy.0 = Release|iPhoneSimulator
		{4E48E6C7-AACD-4249-85ED-53F1F3D8E392}.Release|iPhone.ActiveCfg = Release|iPhone
		{4E48E6C7-AACD-4249-85ED-53F1F3D8E392}.Release|iPhone.Build.0 = Release|iPhone
		{4E48E6C7-AACD-4249-85ED-53F1F3D8E392}.Release|iPhone.Deploy.0 = Release|iPhone
		{4E48E6C7-AACD-4249-85ED-53F1F3D8E392}.Release|iPhoneSimulator.ActiveCfg = Release|iPhoneSimulator
		{4E48E6C7-AACD-4249-85ED-53F1F3D8E392}.Release|iPhoneSimulator.Build.0 = Release|iPhoneSimulator
		{4E48E6C7-AACD-4249-85ED-53F1F3D8E392}.Release|iPhoneSimulator.Deploy.0 = Release|iPhoneSimulator
		{02F08758-D6CF-4BEA-9DC2-5A2151FBB896}.Debug|Any CPU.ActiveCfg = Debug|Any CPU
		{02F08758-D6CF-4BEA-9DC2-5A2151FBB896}.Debug|Any CPU.Build.0 = Debug|Any CPU
		{02F08758-D6CF-4BEA-9DC2-5A2151FBB896}.Debug|Any CPU.Deploy.0 = Debug|Any CPU
		{02F08758-D6CF-4BEA-9DC2-5A2151FBB896}.Debug|iPhone.ActiveCfg = Debug|Any CPU
		{02F08758-D6CF-4BEA-9DC2-5A2151FBB896}.Debug|iPhone.Build.0 = Debug|Any CPU
		{02F08758-D6CF-4BEA-9DC2-5A2151FBB896}.Debug|iPhone.Deploy.0 = Debug|Any CPU
		{02F08758-D6CF-4BEA-9DC2-5A2151FBB896}.Debug|iPhoneSimulator.ActiveCfg = Debug|Any CPU
		{02F08758-D6CF-4BEA-9DC2-5A2151FBB896}.Debug|iPhoneSimulator.Build.0 = Debug|Any CPU
		{02F08758-D6CF-4BEA-9DC2-5A2151FBB896}.Debug|iPhoneSimulator.Deploy.0 = Debug|Any CPU
		{02F08758-D6CF-4BEA-9DC2-5A2151FBB896}.Release|Any CPU.ActiveCfg = Release|Any CPU
		{02F08758-D6CF-4BEA-9DC2-5A2151FBB896}.Release|Any CPU.Build.0 = Release|Any CPU
		{02F08758-D6CF-4BEA-9DC2-5A2151FBB896}.Release|Any CPU.Deploy.0 = Release|Any CPU
		{02F08758-D6CF-4BEA-9DC2-5A2151FBB896}.Release|iPhone.ActiveCfg = Release|Any CPU
		{02F08758-D6CF-4BEA-9DC2-5A2151FBB896}.Release|iPhone.Build.0 = Release|Any CPU
		{02F08758-D6CF-4BEA-9DC2-5A2151FBB896}.Release|iPhone.Deploy.0 = Release|Any CPU
		{02F08758-D6CF-4BEA-9DC2-5A2151FBB896}.Release|iPhoneSimulator.ActiveCfg = Release|Any CPU
		{02F08758-D6CF-4BEA-9DC2-5A2151FBB896}.Release|iPhoneSimulator.Build.0 = Release|Any CPU
		{02F08758-D6CF-4BEA-9DC2-5A2151FBB896}.Release|iPhoneSimulator.Deploy.0 = Release|Any CPU
	EndGlobalSection
	GlobalSection(SolutionProperties) = preSolution
		HideSolutionNode = FALSE
	EndGlobalSection
	GlobalSection(ExtensibilityGlobals) = postSolution
		SolutionGuid = {9342B173-BC74-4888-80C2-20096AA6F9A9}
	EndGlobalSection
EndGlobal
