
Microsoft Visual Studio Solution File, Format Version 12.00
# Visual Studio Version 16
VisualStudioVersion = 16.0.31005.135
MinimumVisualStudioVersion = 10.0.40219.1
Project("{FAE04EC0-301F-11D3-BF4B-00C04F79EFBC}") = "HelloXamarin3.Android", "HelloXamarin3\HelloXamarin3.Android\HelloXamarin3.Android.csproj", "{B3F29C38-AE33-4E92-B4AF-39584791AE45}"
EndProject
Project("{FAE04EC0-301F-11D3-BF4B-00C04F79EFBC}") = "HelloXamarin3", "HelloXamarin3\HelloXamarin3\HelloXamarin3.csproj", "{B4E2C257-A208-49FB-951C-00E767F8174B}"
EndProject
Global
	GlobalSection(SolutionConfigurationPlatforms) = preSolution
		Debug|Any CPU = Debug|Any CPU
		Release|Any CPU = Release|Any CPU
	EndGlobalSection
	GlobalSection(ProjectConfigurationPlatforms) = postSolution
		{B3F29C38-AE33-4E92-B4AF-39584791AE45}.Debug|Any CPU.ActiveCfg = Debug|Any CPU
		{B3F29C38-AE33-4E92-B4AF-39584791AE45}.Debug|Any CPU.Build.0 = Debug|Any CPU
		{B3F29C38-AE33-4E92-B4AF-39584791AE45}.Debug|Any CPU.Deploy.0 = Debug|Any CPU
		{B3F29C38-AE33-4E92-B4AF-39584791AE45}.Release|Any CPU.ActiveCfg = Release|Any CPU
		{B3F29C38-AE33-4E92-B4AF-39584791AE45}.Release|Any CPU.Build.0 = Release|Any CPU
		{B3F29C38-AE33-4E92-B4AF-39584791AE45}.Release|Any CPU.Deploy.0 = Release|Any CPU
		{B4E2C257-A208-49FB-951C-00E767F8174B}.Debug|Any CPU.ActiveCfg = Debug|Any CPU
		{B4E2C257-A208-49FB-951C-00E767F8174B}.Debug|Any CPU.Build.0 = Debug|Any CPU
		{B4E2C257-A208-49FB-951C-00E767F8174B}.Debug|Any CPU.Deploy.0 = Debug|Any CPU
		{B4E2C257-A208-49FB-951C-00E767F8174B}.Release|Any CPU.ActiveCfg = Release|Any CPU
		{B4E2C257-A208-49FB-951C-00E767F8174B}.Release|Any CPU.Build.0 = Release|Any CPU
		{B4E2C257-A208-49FB-951C-00E767F8174B}.Release|Any CPU.Deploy.0 = Release|Any CPU
	EndGlobalSection
	GlobalSection(SolutionProperties) = preSolution
		HideSolutionNode = FALSE
	EndGlobalSection
	GlobalSection(ExtensibilityGlobals) = postSolution
		SolutionGuid = {62C42687-8433-4E84-AA6E-F31C4523D2CC}
	EndGlobalSection
EndGlobal
